
Microsoft Visual Studio Solution File, Format Version 12.00
# Visual Studio 2013
VisualStudioVersion = 12.0.31101.0
MinimumVisualStudioVersion = 10.0.40219.1
Project("{FAE04EC0-301F-11D3-BF4B-00C04F79EFBC}") = "ECRAdmin.TestConsole", "ECRAdmin.TestConsole\ECRAdmin.TestConsole.csproj", "{856327CC-AA31-4459-A3C2-9FD1FC8FB37A}"
EndProject
Project("{FAE04EC0-301F-11D3-BF4B-00C04F79EFBC}") = "ECRAdmin.InventoryCRUD.Models", "ECRAdmin.InventoryCRUD.Models\ECRAdmin.InventoryCRUD.Models.csproj", "{6665D79B-C126-4CC5-980C-81518C6AF4D1}"
EndProject
Project("{FAE04EC0-301F-11D3-BF4B-00C04F79EFBC}") = "ECRAdmin.ProductCRUD.Models", "ECRAdmin.ProductCRUD.Models\ECRAdmin.ProductCRUD.Models.csproj", "{93EC5D8D-BE2C-4265-A431-4D16580EFDF8}"
EndProject
Project("{FAE04EC0-301F-11D3-BF4B-00C04F79EFBC}") = "ECRAdmin.CustomerCRUD.Models", "ECRAdmin.CustomerCRUD.Models\ECRAdmin.CustomerCRUD.Models.csproj", "{1CDDC657-29D2-46ED-9992-F751F305F659}"
EndProject
Global
	GlobalSection(SolutionConfigurationPlatforms) = preSolution
		Debug|Any CPU = Debug|Any CPU
		Release|Any CPU = Release|Any CPU
	EndGlobalSection
	GlobalSection(ProjectConfigurationPlatforms) = postSolution
		{856327CC-AA31-4459-A3C2-9FD1FC8FB37A}.Debug|Any CPU.ActiveCfg = Debug|Any CPU
		{856327CC-AA31-4459-A3C2-9FD1FC8FB37A}.Debug|Any CPU.Build.0 = Debug|Any CPU
		{856327CC-AA31-4459-A3C2-9FD1FC8FB37A}.Release|Any CPU.ActiveCfg = Release|Any CPU
		{856327CC-AA31-4459-A3C2-9FD1FC8FB37A}.Release|Any CPU.Build.0 = Release|Any CPU
		{6665D79B-C126-4CC5-980C-81518C6AF4D1}.Debug|Any CPU.ActiveCfg = Debug|Any CPU
		{6665D79B-C126-4CC5-980C-81518C6AF4D1}.Debug|Any CPU.Build.0 = Debug|Any CPU
		{6665D79B-C126-4CC5-980C-81518C6AF4D1}.Release|Any CPU.ActiveCfg = Release|Any CPU
		{6665D79B-C126-4CC5-980C-81518C6AF4D1}.Release|Any CPU.Build.0 = Release|Any CPU
		{93EC5D8D-BE2C-4265-A431-4D16580EFDF8}.Debug|Any CPU.ActiveCfg = Debug|Any CPU
		{93EC5D8D-BE2C-4265-A431-4D16580EFDF8}.Debug|Any CPU.Build.0 = Debug|Any CPU
		{93EC5D8D-BE2C-4265-A431-4D16580EFDF8}.Release|Any CPU.ActiveCfg = Release|Any CPU
		{93EC5D8D-BE2C-4265-A431-4D16580EFDF8}.Release|Any CPU.Build.0 = Release|Any CPU
		{1CDDC657-29D2-46ED-9992-F751F305F659}.Debug|Any CPU.ActiveCfg = Debug|Any CPU
		{1CDDC657-29D2-46ED-9992-F751F305F659}.Debug|Any CPU.Build.0 = Debug|Any CPU
		{1CDDC657-29D2-46ED-9992-F751F305F659}.Release|Any CPU.ActiveCfg = Release|Any CPU
		{1CDDC657-29D2-46ED-9992-F751F305F659}.Release|Any CPU.Build.0 = Release|Any CPU
	EndGlobalSection
	GlobalSection(SolutionProperties) = preSolution
		HideSolutionNode = FALSE
	EndGlobalSection
EndGlobal
