
Microsoft Visual Studio Solution File, Format Version 12.00
# Visual Studio 2013
VisualStudioVersion = 12.0.31101.0
MinimumVisualStudioVersion = 10.0.40219.1
Project("{FAE04EC0-301F-11D3-BF4B-00C04F79EFBC}") = "ECRAdmin.TestConsole", "ECRAdmin.TestConsole\ECRAdmin.TestConsole.csproj", "{856327CC-AA31-4459-A3C2-9FD1FC8FB37A}"
EndProject
Project("{FAE04EC0-301F-11D3-BF4B-00C04F79EFBC}") = "ECRAdmin.DefectsModule.Models", "ECRAdmin.DefectsModule.Models\ECRAdmin.DefectsModule.Models.csproj", "{4EFD9728-8D5C-4179-BB61-413CF4648FD0}"
EndProject
Project("{FAE04EC0-301F-11D3-BF4B-00C04F79EFBC}") = "ECRAdmin.DefectsModule.API", "ECRAdmin.DefectsModule.API\ECRAdmin.DefectsModule.API.csproj", "{BB59F089-C22D-4B5B-883B-0147C31238FC}"
EndProject
Project("{FAE04EC0-301F-11D3-BF4B-00C04F79EFBC}") = "ECRAdmin.CustomersModule.Models", "ECRAdmin.CustomersModule.Models\ECRAdmin.CustomersModule.Models.csproj", "{0546F1EE-AF6E-4F25-9DFC-1C26D4FBED64}"
EndProject
Project("{FAE04EC0-301F-11D3-BF4B-00C04F79EFBC}") = "ECRAdmin.InventoryModule.Models", "ECRAdmin.InventoryModule.Models\ECRAdmin.InventoryModule.Models.csproj", "{75769DBE-EEAE-4990-B836-C0F2493F6E4F}"
EndProject
Project("{FAE04EC0-301F-11D3-BF4B-00C04F79EFBC}") = "ECRAdmin.ProductsModule.Models", "ECRAdmin.ProductsModule.Models\ECRAdmin.ProductsModule.Models.csproj", "{0981AF46-E113-4427-BD17-AEF6B23639F7}"
EndProject
Project("{FAE04EC0-301F-11D3-BF4B-00C04F79EFBC}") = "ECRAdmin.ProductTypesModule.Models", "ECRAdmin.ProductTypesModule.Models\ECRAdmin.ProductTypesModule.Models.csproj", "{C14F98B4-2757-4372-87D1-C68B792C14C9}"
EndProject
Project("{FAE04EC0-301F-11D3-BF4B-00C04F79EFBC}") = "ECRAdmin.ServiceModule.Models", "ECRAdmin.ServiceModule.Models\ECRAdmin.ServiceModule.Models.csproj", "{65DA1A2C-F800-4C05-AC9A-ED1E017726C4}"
EndProject
Project("{FAE04EC0-301F-11D3-BF4B-00C04F79EFBC}") = "ECRAdmin.WarrantyModule.Models", "ECRAdmin.WarrantyModule.Models\ECRAdmin.WarrantyModule.Models.csproj", "{2CDAC72F-F104-4F75-8502-F494FA0EFEE8}"
EndProject
Global
	GlobalSection(SolutionConfigurationPlatforms) = preSolution
		Debug|Any CPU = Debug|Any CPU
		Release|Any CPU = Release|Any CPU
	EndGlobalSection
	GlobalSection(ProjectConfigurationPlatforms) = postSolution
		{856327CC-AA31-4459-A3C2-9FD1FC8FB37A}.Debug|Any CPU.ActiveCfg = Debug|Any CPU
		{856327CC-AA31-4459-A3C2-9FD1FC8FB37A}.Debug|Any CPU.Build.0 = Debug|Any CPU
		{856327CC-AA31-4459-A3C2-9FD1FC8FB37A}.Release|Any CPU.ActiveCfg = Release|Any CPU
		{856327CC-AA31-4459-A3C2-9FD1FC8FB37A}.Release|Any CPU.Build.0 = Release|Any CPU
		{4EFD9728-8D5C-4179-BB61-413CF4648FD0}.Debug|Any CPU.ActiveCfg = Debug|Any CPU
		{4EFD9728-8D5C-4179-BB61-413CF4648FD0}.Debug|Any CPU.Build.0 = Debug|Any CPU
		{4EFD9728-8D5C-4179-BB61-413CF4648FD0}.Release|Any CPU.ActiveCfg = Release|Any CPU
		{4EFD9728-8D5C-4179-BB61-413CF4648FD0}.Release|Any CPU.Build.0 = Release|Any CPU
		{BB59F089-C22D-4B5B-883B-0147C31238FC}.Debug|Any CPU.ActiveCfg = Debug|Any CPU
		{BB59F089-C22D-4B5B-883B-0147C31238FC}.Debug|Any CPU.Build.0 = Debug|Any CPU
		{BB59F089-C22D-4B5B-883B-0147C31238FC}.Release|Any CPU.ActiveCfg = Release|Any CPU
		{BB59F089-C22D-4B5B-883B-0147C31238FC}.Release|Any CPU.Build.0 = Release|Any CPU
		{0546F1EE-AF6E-4F25-9DFC-1C26D4FBED64}.Debug|Any CPU.ActiveCfg = Debug|Any CPU
		{0546F1EE-AF6E-4F25-9DFC-1C26D4FBED64}.Debug|Any CPU.Build.0 = Debug|Any CPU
		{0546F1EE-AF6E-4F25-9DFC-1C26D4FBED64}.Release|Any CPU.ActiveCfg = Release|Any CPU
		{0546F1EE-AF6E-4F25-9DFC-1C26D4FBED64}.Release|Any CPU.Build.0 = Release|Any CPU
		{75769DBE-EEAE-4990-B836-C0F2493F6E4F}.Debug|Any CPU.ActiveCfg = Debug|Any CPU
		{75769DBE-EEAE-4990-B836-C0F2493F6E4F}.Debug|Any CPU.Build.0 = Debug|Any CPU
		{75769DBE-EEAE-4990-B836-C0F2493F6E4F}.Release|Any CPU.ActiveCfg = Release|Any CPU
		{75769DBE-EEAE-4990-B836-C0F2493F6E4F}.Release|Any CPU.Build.0 = Release|Any CPU
		{0981AF46-E113-4427-BD17-AEF6B23639F7}.Debug|Any CPU.ActiveCfg = Debug|Any CPU
		{0981AF46-E113-4427-BD17-AEF6B23639F7}.Debug|Any CPU.Build.0 = Debug|Any CPU
		{0981AF46-E113-4427-BD17-AEF6B23639F7}.Release|Any CPU.ActiveCfg = Release|Any CPU
		{0981AF46-E113-4427-BD17-AEF6B23639F7}.Release|Any CPU.Build.0 = Release|Any CPU
		{C14F98B4-2757-4372-87D1-C68B792C14C9}.Debug|Any CPU.ActiveCfg = Debug|Any CPU
		{C14F98B4-2757-4372-87D1-C68B792C14C9}.Debug|Any CPU.Build.0 = Debug|Any CPU
		{C14F98B4-2757-4372-87D1-C68B792C14C9}.Release|Any CPU.ActiveCfg = Release|Any CPU
		{C14F98B4-2757-4372-87D1-C68B792C14C9}.Release|Any CPU.Build.0 = Release|Any CPU
		{65DA1A2C-F800-4C05-AC9A-ED1E017726C4}.Debug|Any CPU.ActiveCfg = Debug|Any CPU
		{65DA1A2C-F800-4C05-AC9A-ED1E017726C4}.Debug|Any CPU.Build.0 = Debug|Any CPU
		{65DA1A2C-F800-4C05-AC9A-ED1E017726C4}.Release|Any CPU.ActiveCfg = Release|Any CPU
		{65DA1A2C-F800-4C05-AC9A-ED1E017726C4}.Release|Any CPU.Build.0 = Release|Any CPU
		{2CDAC72F-F104-4F75-8502-F494FA0EFEE8}.Debug|Any CPU.ActiveCfg = Debug|Any CPU
		{2CDAC72F-F104-4F75-8502-F494FA0EFEE8}.Debug|Any CPU.Build.0 = Debug|Any CPU
		{2CDAC72F-F104-4F75-8502-F494FA0EFEE8}.Release|Any CPU.ActiveCfg = Release|Any CPU
		{2CDAC72F-F104-4F75-8502-F494FA0EFEE8}.Release|Any CPU.Build.0 = Release|Any CPU
	EndGlobalSection
	GlobalSection(SolutionProperties) = preSolution
		HideSolutionNode = FALSE
	EndGlobalSection
EndGlobal
